
Microsoft Visual Studio Solution File, Format Version 12.00
# Visual Studio Version 16
VisualStudioVersion = 16.0.29111.141
MinimumVisualStudioVersion = 10.0.40219.1
Project("{2150E333-8FDC-42A3-9474-1A3956D46DE8}") = "01 UI", "01 UI", "{C0F5348A-B064-4537-BE8C-115ECB8B5BB1}"
EndProject
Project("{2150E333-8FDC-42A3-9474-1A3956D46DE8}") = "03 Services", "03 Services", "{3A229B74-040F-4420-B976-0364C5BD4183}"
EndProject
Project("{2150E333-8FDC-42A3-9474-1A3956D46DE8}") = "04 DataAccess", "04 DataAccess", "{D892B936-654B-4D44-955C-00416920F86B}"
EndProject
Project("{2150E333-8FDC-42A3-9474-1A3956D46DE8}") = "07 Tests", "07 Tests", "{E2CF74F7-557A-43DD-8E57-C67DEE0C4176}"
EndProject
Project("{2150E333-8FDC-42A3-9474-1A3956D46DE8}") = "08 Transformer", "08 Transformer", "{E9F152C4-1120-428F-B725-AE8047F235DC}"
EndProject
Project("{9A19103F-16F7-4668-BE54-9A1E7A4F7556}") = "PWoLi", "PWoLi\PWoLi.csproj", "{56DA758E-7C65-4281-AEA3-D2C7825075AE}"
EndProject
Project("{2150E333-8FDC-42A3-9474-1A3956D46DE8}") = "02 Model", "02 Model", "{525DACFA-FA3B-462F-AB8D-11DCA2AA8E59}"
EndProject
Project("{9A19103F-16F7-4668-BE54-9A1E7A4F7556}") = "PWoLi.Model", "PWoLi.Model\PWoLi.Model.csproj", "{818E6363-F3F4-473B-AC86-66ED167DD1EE}"
EndProject
Project("{2150E333-8FDC-42A3-9474-1A3956D46DE8}") = "05 Database", "05 Database", "{BCDD5D92-B7F7-494E-8C97-FF2D5BB36A84}"
EndProject
Project("{00D1A9C2-B5F0-4AF3-8072-F6C62B433612}") = "PWoLi.Database", "PWoLi.Database\PWoLi.Database.sqlproj", "{D1E474AC-E6E0-452D-9B83-3316306B6B9C}"
EndProject
Project("{9A19103F-16F7-4668-BE54-9A1E7A4F7556}") = "PWoLi.Application", "PWoLi.Application\PWoLi.Application.csproj", "{47BE6ED3-8D6A-4E65-AD68-4780D113AB6E}"
EndProject
Project("{9A19103F-16F7-4668-BE54-9A1E7A4F7556}") = "PWoLi.Application.Contracts", "PWoLi.Application.Contracts\PWoLi.Application.Contracts.csproj", "{D1CD5DC1-33B6-4234-8005-D06CFE04C47B}"
EndProject
Project("{9A19103F-16F7-4668-BE54-9A1E7A4F7556}") = "PWoLi.DataAccess", "PWoLi.DataAccess\PWoLi.DataAccess.csproj", "{5EDD864D-4175-40F1-B3E1-F479656F78C2}"
EndProject
Project("{9A19103F-16F7-4668-BE54-9A1E7A4F7556}") = "PWoLi.DataAccess.Contracts", "PWoLi.DataAccess.Contracts\PWoLi.DataAccess.Contracts.csproj", "{D985E72F-4C81-447C-B1E1-9FFCEE15D913}"
EndProject
Project("{9A19103F-16F7-4668-BE54-9A1E7A4F7556}") = "PWoLi.Web", "PWoLi.Web\PWoLi.Web.csproj", "{66B4A47F-18DB-486B-B82D-CBCD8DAB55A5}"
EndProject
Project("{2150E333-8FDC-42A3-9474-1A3956D46DE8}") = "06 IoC", "06 IoC", "{41AADDE4-72BD-44C7-8AFD-E6FAD625C7D8}"
EndProject
Project("{9A19103F-16F7-4668-BE54-9A1E7A4F7556}") = "PWoLi.IoC", "PWoLi.IoC\PWoLi.IoC.csproj", "{19A76067-1570-4FAC-8B96-AC381A92E626}"
EndProject
Global
	GlobalSection(SolutionConfigurationPlatforms) = preSolution
		Debug|Any CPU = Debug|Any CPU
		Release|Any CPU = Release|Any CPU
	EndGlobalSection
	GlobalSection(ProjectConfigurationPlatforms) = postSolution
		{56DA758E-7C65-4281-AEA3-D2C7825075AE}.Debug|Any CPU.ActiveCfg = Debug|Any CPU
		{56DA758E-7C65-4281-AEA3-D2C7825075AE}.Debug|Any CPU.Build.0 = Debug|Any CPU
		{56DA758E-7C65-4281-AEA3-D2C7825075AE}.Release|Any CPU.ActiveCfg = Release|Any CPU
		{56DA758E-7C65-4281-AEA3-D2C7825075AE}.Release|Any CPU.Build.0 = Release|Any CPU
		{818E6363-F3F4-473B-AC86-66ED167DD1EE}.Debug|Any CPU.ActiveCfg = Debug|Any CPU
		{818E6363-F3F4-473B-AC86-66ED167DD1EE}.Debug|Any CPU.Build.0 = Debug|Any CPU
		{818E6363-F3F4-473B-AC86-66ED167DD1EE}.Release|Any CPU.ActiveCfg = Release|Any CPU
		{818E6363-F3F4-473B-AC86-66ED167DD1EE}.Release|Any CPU.Build.0 = Release|Any CPU
		{D1E474AC-E6E0-452D-9B83-3316306B6B9C}.Debug|Any CPU.ActiveCfg = Debug|Any CPU
		{D1E474AC-E6E0-452D-9B83-3316306B6B9C}.Debug|Any CPU.Build.0 = Debug|Any CPU
		{D1E474AC-E6E0-452D-9B83-3316306B6B9C}.Debug|Any CPU.Deploy.0 = Debug|Any CPU
		{D1E474AC-E6E0-452D-9B83-3316306B6B9C}.Release|Any CPU.ActiveCfg = Release|Any CPU
		{D1E474AC-E6E0-452D-9B83-3316306B6B9C}.Release|Any CPU.Build.0 = Release|Any CPU
		{D1E474AC-E6E0-452D-9B83-3316306B6B9C}.Release|Any CPU.Deploy.0 = Release|Any CPU
		{47BE6ED3-8D6A-4E65-AD68-4780D113AB6E}.Debug|Any CPU.ActiveCfg = Debug|Any CPU
		{47BE6ED3-8D6A-4E65-AD68-4780D113AB6E}.Debug|Any CPU.Build.0 = Debug|Any CPU
		{47BE6ED3-8D6A-4E65-AD68-4780D113AB6E}.Release|Any CPU.ActiveCfg = Release|Any CPU
		{47BE6ED3-8D6A-4E65-AD68-4780D113AB6E}.Release|Any CPU.Build.0 = Release|Any CPU
		{D1CD5DC1-33B6-4234-8005-D06CFE04C47B}.Debug|Any CPU.ActiveCfg = Debug|Any CPU
		{D1CD5DC1-33B6-4234-8005-D06CFE04C47B}.Debug|Any CPU.Build.0 = Debug|Any CPU
		{D1CD5DC1-33B6-4234-8005-D06CFE04C47B}.Release|Any CPU.ActiveCfg = Release|Any CPU
		{D1CD5DC1-33B6-4234-8005-D06CFE04C47B}.Release|Any CPU.Build.0 = Release|Any CPU
		{5EDD864D-4175-40F1-B3E1-F479656F78C2}.Debug|Any CPU.ActiveCfg = Debug|Any CPU
		{5EDD864D-4175-40F1-B3E1-F479656F78C2}.Debug|Any CPU.Build.0 = Debug|Any CPU
		{5EDD864D-4175-40F1-B3E1-F479656F78C2}.Release|Any CPU.ActiveCfg = Release|Any CPU
		{5EDD864D-4175-40F1-B3E1-F479656F78C2}.Release|Any CPU.Build.0 = Release|Any CPU
		{D985E72F-4C81-447C-B1E1-9FFCEE15D913}.Debug|Any CPU.ActiveCfg = Debug|Any CPU
		{D985E72F-4C81-447C-B1E1-9FFCEE15D913}.Debug|Any CPU.Build.0 = Debug|Any CPU
		{D985E72F-4C81-447C-B1E1-9FFCEE15D913}.Release|Any CPU.ActiveCfg = Release|Any CPU
		{D985E72F-4C81-447C-B1E1-9FFCEE15D913}.Release|Any CPU.Build.0 = Release|Any CPU
		{66B4A47F-18DB-486B-B82D-CBCD8DAB55A5}.Debug|Any CPU.ActiveCfg = Debug|Any CPU
		{66B4A47F-18DB-486B-B82D-CBCD8DAB55A5}.Debug|Any CPU.Build.0 = Debug|Any CPU
		{66B4A47F-18DB-486B-B82D-CBCD8DAB55A5}.Release|Any CPU.ActiveCfg = Release|Any CPU
		{66B4A47F-18DB-486B-B82D-CBCD8DAB55A5}.Release|Any CPU.Build.0 = Release|Any CPU
		{19A76067-1570-4FAC-8B96-AC381A92E626}.Debug|Any CPU.ActiveCfg = Debug|Any CPU
		{19A76067-1570-4FAC-8B96-AC381A92E626}.Debug|Any CPU.Build.0 = Debug|Any CPU
		{19A76067-1570-4FAC-8B96-AC381A92E626}.Release|Any CPU.ActiveCfg = Release|Any CPU
		{19A76067-1570-4FAC-8B96-AC381A92E626}.Release|Any CPU.Build.0 = Release|Any CPU
	EndGlobalSection
	GlobalSection(SolutionProperties) = preSolution
		HideSolutionNode = FALSE
	EndGlobalSection
	GlobalSection(NestedProjects) = preSolution
		{56DA758E-7C65-4281-AEA3-D2C7825075AE} = {E9F152C4-1120-428F-B725-AE8047F235DC}
		{818E6363-F3F4-473B-AC86-66ED167DD1EE} = {525DACFA-FA3B-462F-AB8D-11DCA2AA8E59}
		{D1E474AC-E6E0-452D-9B83-3316306B6B9C} = {BCDD5D92-B7F7-494E-8C97-FF2D5BB36A84}
		{47BE6ED3-8D6A-4E65-AD68-4780D113AB6E} = {3A229B74-040F-4420-B976-0364C5BD4183}
		{D1CD5DC1-33B6-4234-8005-D06CFE04C47B} = {3A229B74-040F-4420-B976-0364C5BD4183}
		{5EDD864D-4175-40F1-B3E1-F479656F78C2} = {D892B936-654B-4D44-955C-00416920F86B}
		{D985E72F-4C81-447C-B1E1-9FFCEE15D913} = {D892B936-654B-4D44-955C-00416920F86B}
		{66B4A47F-18DB-486B-B82D-CBCD8DAB55A5} = {C0F5348A-B064-4537-BE8C-115ECB8B5BB1}
		{19A76067-1570-4FAC-8B96-AC381A92E626} = {41AADDE4-72BD-44C7-8AFD-E6FAD625C7D8}
	EndGlobalSection
	GlobalSection(ExtensibilityGlobals) = postSolution
		SolutionGuid = {1F31EE95-9414-4FDB-AB5F-42B76944163F}
	EndGlobalSection
EndGlobal
